
Microsoft Visual Studio Solution File, Format Version 12.00
# Visual Studio Version 17
VisualStudioVersion = 17.0.31903.59
MinimumVisualStudioVersion = 10.0.40219.1
Project("{2150E333-8FDC-42A3-9474-1A3956D46DE8}") = "src", "src", "{C36222B1-14DC-483D-86E1-1E3E057FAA02}"
EndProject
Project("{FAE04EC0-301F-11D3-BF4B-00C04F79EFBC}") = "RemoteControl.Common", "src\RemoteControl.Common\RemoteControl.Common.csproj", "{553F5763-761C-4A3E-B6DE-054A3565E506}"
EndProject
Project("{FAE04EC0-301F-11D3-BF4B-00C04F79EFBC}") = "RemoteControl.Protocol", "src\RemoteControl.Protocol\RemoteControl.Protocol.csproj", "{263C5E79-34F4-4523-BFAA-9D6E6741FFE4}"
EndProject
Project("{FAE04EC0-301F-11D3-BF4B-00C04F79EFBC}") = "RemoteControl.Net", "src\RemoteControl.Net\RemoteControl.Net.csproj", "{2A12677B-30DB-423C-9040-1D688C30124B}"
EndProject
Project("{FAE04EC0-301F-11D3-BF4B-00C04F79EFBC}") = "RemoteControl.Signaling", "src\RemoteControl.Signaling\RemoteControl.Signaling.csproj", "{287BDD99-880E-4E90-85C8-05B716E9A086}"
EndProject
Project("{2150E333-8FDC-42A3-9474-1A3956D46DE8}") = "tests", "tests", "{F91F96A6-7FFC-49E3-A4E6-AD169587811F}"
EndProject
Project("{FAE04EC0-301F-11D3-BF4B-00C04F79EFBC}") = "RemoteControl.Net.Tests", "tests\RemoteControl.Net.Tests\RemoteControl.Net.Tests.csproj", "{D349E40B-747D-4DE1-825B-B371705BEB56}"
EndProject
Project("{FAE04EC0-301F-11D3-BF4B-00C04F79EFBC}") = "RemoteControl.Protocol.Tests", "tests\RemoteControl.Protocol.Tests\RemoteControl.Protocol.Tests.csproj", "{7E09DD2C-C3B4-4C7F-84AC-02331FAB3587}"
EndProject
Project("{FAE04EC0-301F-11D3-BF4B-00C04F79EFBC}") = "RemoteControl.Capture", "src\RemoteControl.Capture\RemoteControl.Capture.csproj", "{DC25BB71-20B7-47A5-BC8C-D6279AF9E37E}"
EndProject
Project("{FAE04EC0-301F-11D3-BF4B-00C04F79EFBC}") = "RemoteControl.Codec", "src\RemoteControl.Codec\RemoteControl.Codec.csproj", "{97330D90-C6B4-4CB8-99EE-01B133BE357C}"
EndProject
Project("{FAE04EC0-301F-11D3-BF4B-00C04F79EFBC}") = "RemoteControl.Render", "src\RemoteControl.Render\RemoteControl.Render.csproj", "{06AFC8D0-67EE-44CE-B8B7-AE640F1834CE}"
EndProject
Project("{FAE04EC0-301F-11D3-BF4B-00C04F79EFBC}") = "RemoteControl.Input", "src\RemoteControl.Input\RemoteControl.Input.csproj", "{EB87D7DB-4336-4FCC-8CD5-233BC90A7B16}"
EndProject
Project("{FAE04EC0-301F-11D3-BF4B-00C04F79EFBC}") = "RemoteControl.App", "src\RemoteControl.App\RemoteControl.App.csproj", "{C0DA3332-B3D1-41E3-B6C3-A78843B54BD8}"
EndProject
Project("{2150E333-8FDC-42A3-9474-1A3956D46DE8}") = "tools", "tools", "{1E4737CD-6405-4677-BA5C-6763FBADBC9B}"
EndProject
Project("{FAE04EC0-301F-11D3-BF4B-00C04F79EFBC}") = "LoopbackHarness", "tools\LoopbackHarness\LoopbackHarness.csproj", "{B1150B8F-F630-42DC-B94F-CAEA4ABA7ED3}"
EndProject
Project("{FAE04EC0-301F-11D3-BF4B-00C04F79EFBC}") = "LossyProxy", "tools\LossyProxy\LossyProxy.csproj", "{1C452E81-330B-47B3-83BE-911B645BF377}"
EndProject
Project("{FAE04EC0-301F-11D3-BF4B-00C04F79EFBC}") = "RemoteControl.SignalingServer", "src\RemoteControl.SignalingServer\RemoteControl.SignalingServer.csproj", "{D7D4DCCA-53B2-4006-85AD-B52BC07CA60F}"
EndProject
Global
	GlobalSection(SolutionConfigurationPlatforms) = preSolution
		Debug|Any CPU = Debug|Any CPU
		Debug|x64 = Debug|x64
		Debug|x86 = Debug|x86
		Release|Any CPU = Release|Any CPU
		Release|x64 = Release|x64
		Release|x86 = Release|x86
	EndGlobalSection
	GlobalSection(ProjectConfigurationPlatforms) = postSolution
		{553F5763-761C-4A3E-B6DE-054A3565E506}.Debug|Any CPU.ActiveCfg = Debug|Any CPU
		{553F5763-761C-4A3E-B6DE-054A3565E506}.Debug|Any CPU.Build.0 = Debug|Any CPU
		{553F5763-761C-4A3E-B6DE-054A3565E506}.Debug|x64.ActiveCfg = Debug|Any CPU
		{553F5763-761C-4A3E-B6DE-054A3565E506}.Debug|x64.Build.0 = Debug|Any CPU
		{553F5763-761C-4A3E-B6DE-054A3565E506}.Debug|x86.ActiveCfg = Debug|Any CPU
		{553F5763-761C-4A3E-B6DE-054A3565E506}.Debug|x86.Build.0 = Debug|Any CPU
		{553F5763-761C-4A3E-B6DE-054A3565E506}.Release|Any CPU.ActiveCfg = Release|Any CPU
		{553F5763-761C-4A3E-B6DE-054A3565E506}.Release|Any CPU.Build.0 = Release|Any CPU
		{553F5763-761C-4A3E-B6DE-054A3565E506}.Release|x64.ActiveCfg = Release|Any CPU
		{553F5763-761C-4A3E-B6DE-054A3565E506}.Release|x64.Build.0 = Release|Any CPU
		{553F5763-761C-4A3E-B6DE-054A3565E506}.Release|x86.ActiveCfg = Release|Any CPU
		{553F5763-761C-4A3E-B6DE-054A3565E506}.Release|x86.Build.0 = Release|Any CPU
		{263C5E79-34F4-4523-BFAA-9D6E6741FFE4}.Debug|Any CPU.ActiveCfg = Debug|Any CPU
		{263C5E79-34F4-4523-BFAA-9D6E6741FFE4}.Debug|Any CPU.Build.0 = Debug|Any CPU
		{263C5E79-34F4-4523-BFAA-9D6E6741FFE4}.Debug|x64.ActiveCfg = Debug|Any CPU
		{263C5E79-34F4-4523-BFAA-9D6E6741FFE4}.Debug|x64.Build.0 = Debug|Any CPU
		{263C5E79-34F4-4523-BFAA-9D6E6741FFE4}.Debug|x86.ActiveCfg = Debug|Any CPU
		{263C5E79-34F4-4523-BFAA-9D6E6741FFE4}.Debug|x86.Build.0 = Debug|Any CPU
		{263C5E79-34F4-4523-BFAA-9D6E6741FFE4}.Release|Any CPU.ActiveCfg = Release|Any CPU
		{263C5E79-34F4-4523-BFAA-9D6E6741FFE4}.Release|Any CPU.Build.0 = Release|Any CPU
		{263C5E79-34F4-4523-BFAA-9D6E6741FFE4}.Release|x64.ActiveCfg = Release|Any CPU
		{263C5E79-34F4-4523-BFAA-9D6E6741FFE4}.Release|x64.Build.0 = Release|Any CPU
		{263C5E79-34F4-4523-BFAA-9D6E6741FFE4}.Release|x86.ActiveCfg = Release|Any CPU
		{263C5E79-34F4-4523-BFAA-9D6E6741FFE4}.Release|x86.Build.0 = Release|Any CPU
		{2A12677B-30DB-423C-9040-1D688C30124B}.Debug|Any CPU.ActiveCfg = Debug|Any CPU
		{2A12677B-30DB-423C-9040-1D688C30124B}.Debug|Any CPU.Build.0 = Debug|Any CPU
		{2A12677B-30DB-423C-9040-1D688C30124B}.Debug|x64.ActiveCfg = Debug|Any CPU
		{2A12677B-30DB-423C-9040-1D688C30124B}.Debug|x64.Build.0 = Debug|Any CPU
		{2A12677B-30DB-423C-9040-1D688C30124B}.Debug|x86.ActiveCfg = Debug|Any CPU
		{2A12677B-30DB-423C-9040-1D688C30124B}.Debug|x86.Build.0 = Debug|Any CPU
		{2A12677B-30DB-423C-9040-1D688C30124B}.Release|Any CPU.ActiveCfg = Release|Any CPU
		{2A12677B-30DB-423C-9040-1D688C30124B}.Release|Any CPU.Build.0 = Release|Any CPU
		{2A12677B-30DB-423C-9040-1D688C30124B}.Release|x64.ActiveCfg = Release|Any CPU
		{2A12677B-30DB-423C-9040-1D688C30124B}.Release|x64.Build.0 = Release|Any CPU
		{2A12677B-30DB-423C-9040-1D688C30124B}.Release|x86.ActiveCfg = Release|Any CPU
		{2A12677B-30DB-423C-9040-1D688C30124B}.Release|x86.Build.0 = Release|Any CPU
		{287BDD99-880E-4E90-85C8-05B716E9A086}.Debug|Any CPU.ActiveCfg = Debug|Any CPU
		{287BDD99-880E-4E90-85C8-05B716E9A086}.Debug|Any CPU.Build.0 = Debug|Any CPU
		{287BDD99-880E-4E90-85C8-05B716E9A086}.Debug|x64.ActiveCfg = Debug|Any CPU
		{287BDD99-880E-4E90-85C8-05B716E9A086}.Debug|x64.Build.0 = Debug|Any CPU
		{287BDD99-880E-4E90-85C8-05B716E9A086}.Debug|x86.ActiveCfg = Debug|Any CPU
		{287BDD99-880E-4E90-85C8-05B716E9A086}.Debug|x86.Build.0 = Debug|Any CPU
		{287BDD99-880E-4E90-85C8-05B716E9A086}.Release|Any CPU.ActiveCfg = Release|Any CPU
		{287BDD99-880E-4E90-85C8-05B716E9A086}.Release|Any CPU.Build.0 = Release|Any CPU
		{287BDD99-880E-4E90-85C8-05B716E9A086}.Release|x64.ActiveCfg = Release|Any CPU
		{287BDD99-880E-4E90-85C8-05B716E9A086}.Release|x64.Build.0 = Release|Any CPU
		{287BDD99-880E-4E90-85C8-05B716E9A086}.Release|x86.ActiveCfg = Release|Any CPU
		{287BDD99-880E-4E90-85C8-05B716E9A086}.Release|x86.Build.0 = Release|Any CPU
		{D349E40B-747D-4DE1-825B-B371705BEB56}.Debug|Any CPU.ActiveCfg = Debug|Any CPU
		{D349E40B-747D-4DE1-825B-B371705BEB56}.Debug|Any CPU.Build.0 = Debug|Any CPU
		{D349E40B-747D-4DE1-825B-B371705BEB56}.Debug|x64.ActiveCfg = Debug|Any CPU
		{D349E40B-747D-4DE1-825B-B371705BEB56}.Debug|x64.Build.0 = Debug|Any CPU
		{D349E40B-747D-4DE1-825B-B371705BEB56}.Debug|x86.ActiveCfg = Debug|Any CPU
		{D349E40B-747D-4DE1-825B-B371705BEB56}.Debug|x86.Build.0 = Debug|Any CPU
		{D349E40B-747D-4DE1-825B-B371705BEB56}.Release|Any CPU.ActiveCfg = Release|Any CPU
		{D349E40B-747D-4DE1-825B-B371705BEB56}.Release|Any CPU.Build.0 = Release|Any CPU
		{D349E40B-747D-4DE1-825B-B371705BEB56}.Release|x64.ActiveCfg = Release|Any CPU
		{D349E40B-747D-4DE1-825B-B371705BEB56}.Release|x64.Build.0 = Release|Any CPU
		{D349E40B-747D-4DE1-825B-B371705BEB56}.Release|x86.ActiveCfg = Release|Any CPU
		{D349E40B-747D-4DE1-825B-B371705BEB56}.Release|x86.Build.0 = Release|Any CPU
		{7E09DD2C-C3B4-4C7F-84AC-02331FAB3587}.Debug|Any CPU.ActiveCfg = Debug|Any CPU
		{7E09DD2C-C3B4-4C7F-84AC-02331FAB3587}.Debug|Any CPU.Build.0 = Debug|Any CPU
		{7E09DD2C-C3B4-4C7F-84AC-02331FAB3587}.Debug|x64.ActiveCfg = Debug|Any CPU
		{7E09DD2C-C3B4-4C7F-84AC-02331FAB3587}.Debug|x64.Build.0 = Debug|Any CPU
		{7E09DD2C-C3B4-4C7F-84AC-02331FAB3587}.Debug|x86.ActiveCfg = Debug|Any CPU
		{7E09DD2C-C3B4-4C7F-84AC-02331FAB3587}.Debug|x86.Build.0 = Debug|Any CPU
		{7E09DD2C-C3B4-4C7F-84AC-02331FAB3587}.Release|Any CPU.ActiveCfg = Release|Any CPU
		{7E09DD2C-C3B4-4C7F-84AC-02331FAB3587}.Release|Any CPU.Build.0 = Release|Any CPU
		{7E09DD2C-C3B4-4C7F-84AC-02331FAB3587}.Release|x64.ActiveCfg = Release|Any CPU
		{7E09DD2C-C3B4-4C7F-84AC-02331FAB3587}.Release|x64.Build.0 = Release|Any CPU
		{7E09DD2C-C3B4-4C7F-84AC-02331FAB3587}.Release|x86.ActiveCfg = Release|Any CPU
		{7E09DD2C-C3B4-4C7F-84AC-02331FAB3587}.Release|x86.Build.0 = Release|Any CPU
		{DC25BB71-20B7-47A5-BC8C-D6279AF9E37E}.Debug|Any CPU.ActiveCfg = Debug|x64
		{DC25BB71-20B7-47A5-BC8C-D6279AF9E37E}.Debug|Any CPU.Build.0 = Debug|x64
		{DC25BB71-20B7-47A5-BC8C-D6279AF9E37E}.Debug|x64.ActiveCfg = Debug|Any CPU
		{DC25BB71-20B7-47A5-BC8C-D6279AF9E37E}.Debug|x64.Build.0 = Debug|Any CPU
		{DC25BB71-20B7-47A5-BC8C-D6279AF9E37E}.Debug|x86.ActiveCfg = Debug|Any CPU
		{DC25BB71-20B7-47A5-BC8C-D6279AF9E37E}.Debug|x86.Build.0 = Debug|Any CPU
		{DC25BB71-20B7-47A5-BC8C-D6279AF9E37E}.Release|Any CPU.ActiveCfg = Release|x64
		{DC25BB71-20B7-47A5-BC8C-D6279AF9E37E}.Release|Any CPU.Build.0 = Release|x64
		{DC25BB71-20B7-47A5-BC8C-D6279AF9E37E}.Release|x64.ActiveCfg = Release|Any CPU
		{DC25BB71-20B7-47A5-BC8C-D6279AF9E37E}.Release|x64.Build.0 = Release|Any CPU
		{DC25BB71-20B7-47A5-BC8C-D6279AF9E37E}.Release|x86.ActiveCfg = Release|Any CPU
		{DC25BB71-20B7-47A5-BC8C-D6279AF9E37E}.Release|x86.Build.0 = Release|Any CPU
		{97330D90-C6B4-4CB8-99EE-01B133BE357C}.Debug|Any CPU.ActiveCfg = Debug|x64
		{97330D90-C6B4-4CB8-99EE-01B133BE357C}.Debug|Any CPU.Build.0 = Debug|x64
		{97330D90-C6B4-4CB8-99EE-01B133BE357C}.Debug|x64.ActiveCfg = Debug|Any CPU
		{97330D90-C6B4-4CB8-99EE-01B133BE357C}.Debug|x64.Build.0 = Debug|Any CPU
		{97330D90-C6B4-4CB8-99EE-01B133BE357C}.Debug|x86.ActiveCfg = Debug|Any CPU
		{97330D90-C6B4-4CB8-99EE-01B133BE357C}.Debug|x86.Build.0 = Debug|Any CPU
		{97330D90-C6B4-4CB8-99EE-01B133BE357C}.Release|Any CPU.ActiveCfg = Release|x64
		{97330D90-C6B4-4CB8-99EE-01B133BE357C}.Release|Any CPU.Build.0 = Release|x64
		{97330D90-C6B4-4CB8-99EE-01B133BE357C}.Release|x64.ActiveCfg = Release|Any CPU
		{97330D90-C6B4-4CB8-99EE-01B133BE357C}.Release|x64.Build.0 = Release|Any CPU
		{97330D90-C6B4-4CB8-99EE-01B133BE357C}.Release|x86.ActiveCfg = Release|Any CPU
		{97330D90-C6B4-4CB8-99EE-01B133BE357C}.Release|x86.Build.0 = Release|Any CPU
		{06AFC8D0-67EE-44CE-B8B7-AE640F1834CE}.Debug|Any CPU.ActiveCfg = Debug|x64
		{06AFC8D0-67EE-44CE-B8B7-AE640F1834CE}.Debug|Any CPU.Build.0 = Debug|x64
		{06AFC8D0-67EE-44CE-B8B7-AE640F1834CE}.Debug|x64.ActiveCfg = Debug|Any CPU
		{06AFC8D0-67EE-44CE-B8B7-AE640F1834CE}.Debug|x64.Build.0 = Debug|Any CPU
		{06AFC8D0-67EE-44CE-B8B7-AE640F1834CE}.Debug|x86.ActiveCfg = Debug|Any CPU
		{06AFC8D0-67EE-44CE-B8B7-AE640F1834CE}.Debug|x86.Build.0 = Debug|Any CPU
		{06AFC8D0-67EE-44CE-B8B7-AE640F1834CE}.Release|Any CPU.ActiveCfg = Release|x64
		{06AFC8D0-67EE-44CE-B8B7-AE640F1834CE}.Release|Any CPU.Build.0 = Release|x64
		{06AFC8D0-67EE-44CE-B8B7-AE640F1834CE}.Release|x64.ActiveCfg = Release|Any CPU
		{06AFC8D0-67EE-44CE-B8B7-AE640F1834CE}.Release|x64.Build.0 = Release|Any CPU
		{06AFC8D0-67EE-44CE-B8B7-AE640F1834CE}.Release|x86.ActiveCfg = Release|Any CPU
		{06AFC8D0-67EE-44CE-B8B7-AE640F1834CE}.Release|x86.Build.0 = Release|Any CPU
		{EB87D7DB-4336-4FCC-8CD5-233BC90A7B16}.Debug|Any CPU.ActiveCfg = Debug|x64
		{EB87D7DB-4336-4FCC-8CD5-233BC90A7B16}.Debug|Any CPU.Build.0 = Debug|x64
		{EB87D7DB-4336-4FCC-8CD5-233BC90A7B16}.Debug|x64.ActiveCfg = Debug|Any CPU
		{EB87D7DB-4336-4FCC-8CD5-233BC90A7B16}.Debug|x64.Build.0 = Debug|Any CPU
		{EB87D7DB-4336-4FCC-8CD5-233BC90A7B16}.Debug|x86.ActiveCfg = Debug|Any CPU
		{EB87D7DB-4336-4FCC-8CD5-233BC90A7B16}.Debug|x86.Build.0 = Debug|Any CPU
		{EB87D7DB-4336-4FCC-8CD5-233BC90A7B16}.Release|Any CPU.ActiveCfg = Release|x64
		{EB87D7DB-4336-4FCC-8CD5-233BC90A7B16}.Release|Any CPU.Build.0 = Release|x64
		{EB87D7DB-4336-4FCC-8CD5-233BC90A7B16}.Release|x64.ActiveCfg = Release|Any CPU
		{EB87D7DB-4336-4FCC-8CD5-233BC90A7B16}.Release|x64.Build.0 = Release|Any CPU
		{EB87D7DB-4336-4FCC-8CD5-233BC90A7B16}.Release|x86.ActiveCfg = Release|Any CPU
		{EB87D7DB-4336-4FCC-8CD5-233BC90A7B16}.Release|x86.Build.0 = Release|Any CPU
		{C0DA3332-B3D1-41E3-B6C3-A78843B54BD8}.Debug|Any CPU.ActiveCfg = Debug|x64
		{C0DA3332-B3D1-41E3-B6C3-A78843B54BD8}.Debug|Any CPU.Build.0 = Debug|x64
		{C0DA3332-B3D1-41E3-B6C3-A78843B54BD8}.Debug|x64.ActiveCfg = Debug|Any CPU
		{C0DA3332-B3D1-41E3-B6C3-A78843B54BD8}.Debug|x64.Build.0 = Debug|Any CPU
		{C0DA3332-B3D1-41E3-B6C3-A78843B54BD8}.Debug|x86.ActiveCfg = Debug|Any CPU
		{C0DA3332-B3D1-41E3-B6C3-A78843B54BD8}.Debug|x86.Build.0 = Debug|Any CPU
		{C0DA3332-B3D1-41E3-B6C3-A78843B54BD8}.Release|Any CPU.ActiveCfg = Release|x64
		{C0DA3332-B3D1-41E3-B6C3-A78843B54BD8}.Release|Any CPU.Build.0 = Release|x64
		{C0DA3332-B3D1-41E3-B6C3-A78843B54BD8}.Release|x64.ActiveCfg = Release|Any CPU
		{C0DA3332-B3D1-41E3-B6C3-A78843B54BD8}.Release|x64.Build.0 = Release|Any CPU
		{C0DA3332-B3D1-41E3-B6C3-A78843B54BD8}.Release|x86.ActiveCfg = Release|Any CPU
		{C0DA3332-B3D1-41E3-B6C3-A78843B54BD8}.Release|x86.Build.0 = Release|Any CPU
		{B1150B8F-F630-42DC-B94F-CAEA4ABA7ED3}.Debug|Any CPU.ActiveCfg = Debug|x64
		{B1150B8F-F630-42DC-B94F-CAEA4ABA7ED3}.Debug|Any CPU.Build.0 = Debug|x64
		{B1150B8F-F630-42DC-B94F-CAEA4ABA7ED3}.Debug|x64.ActiveCfg = Debug|Any CPU
		{B1150B8F-F630-42DC-B94F-CAEA4ABA7ED3}.Debug|x64.Build.0 = Debug|Any CPU
		{B1150B8F-F630-42DC-B94F-CAEA4ABA7ED3}.Debug|x86.ActiveCfg = Debug|Any CPU
		{B1150B8F-F630-42DC-B94F-CAEA4ABA7ED3}.Debug|x86.Build.0 = Debug|Any CPU
		{B1150B8F-F630-42DC-B94F-CAEA4ABA7ED3}.Release|Any CPU.ActiveCfg = Release|x64
		{B1150B8F-F630-42DC-B94F-CAEA4ABA7ED3}.Release|Any CPU.Build.0 = Release|x64
		{B1150B8F-F630-42DC-B94F-CAEA4ABA7ED3}.Release|x64.ActiveCfg = Release|Any CPU
		{B1150B8F-F630-42DC-B94F-CAEA4ABA7ED3}.Release|x64.Build.0 = Release|Any CPU
		{B1150B8F-F630-42DC-B94F-CAEA4ABA7ED3}.Release|x86.ActiveCfg = Release|Any CPU
		{B1150B8F-F630-42DC-B94F-CAEA4ABA7ED3}.Release|x86.Build.0 = Release|Any CPU
		{1C452E81-330B-47B3-83BE-911B645BF377}.Debug|Any CPU.ActiveCfg = Debug|Any CPU
		{1C452E81-330B-47B3-83BE-911B645BF377}.Debug|Any CPU.Build.0 = Debug|Any CPU
		{1C452E81-330B-47B3-83BE-911B645BF377}.Debug|x64.ActiveCfg = Debug|Any CPU
		{1C452E81-330B-47B3-83BE-911B645BF377}.Debug|x64.Build.0 = Debug|Any CPU
		{1C452E81-330B-47B3-83BE-911B645BF377}.Debug|x86.ActiveCfg = Debug|Any CPU
		{1C452E81-330B-47B3-83BE-911B645BF377}.Debug|x86.Build.0 = Debug|Any CPU
		{1C452E81-330B-47B3-83BE-911B645BF377}.Release|Any CPU.ActiveCfg = Release|Any CPU
		{1C452E81-330B-47B3-83BE-911B645BF377}.Release|Any CPU.Build.0 = Release|Any CPU
		{1C452E81-330B-47B3-83BE-911B645BF377}.Release|x64.ActiveCfg = Release|Any CPU
		{1C452E81-330B-47B3-83BE-911B645BF377}.Release|x64.Build.0 = Release|Any CPU
		{1C452E81-330B-47B3-83BE-911B645BF377}.Release|x86.ActiveCfg = Release|Any CPU
		{1C452E81-330B-47B3-83BE-911B645BF377}.Release|x86.Build.0 = Release|Any CPU
		{D7D4DCCA-53B2-4006-85AD-B52BC07CA60F}.Debug|Any CPU.ActiveCfg = Debug|Any CPU
		{D7D4DCCA-53B2-4006-85AD-B52BC07CA60F}.Debug|Any CPU.Build.0 = Debug|Any CPU
		{D7D4DCCA-53B2-4006-85AD-B52BC07CA60F}.Debug|x64.ActiveCfg = Debug|Any CPU
		{D7D4DCCA-53B2-4006-85AD-B52BC07CA60F}.Debug|x64.Build.0 = Debug|Any CPU
		{D7D4DCCA-53B2-4006-85AD-B52BC07CA60F}.Debug|x86.ActiveCfg = Debug|Any CPU
		{D7D4DCCA-53B2-4006-85AD-B52BC07CA60F}.Debug|x86.Build.0 = Debug|Any CPU
		{D7D4DCCA-53B2-4006-85AD-B52BC07CA60F}.Release|Any CPU.ActiveCfg = Release|Any CPU
		{D7D4DCCA-53B2-4006-85AD-B52BC07CA60F}.Release|Any CPU.Build.0 = Release|Any CPU
		{D7D4DCCA-53B2-4006-85AD-B52BC07CA60F}.Release|x64.ActiveCfg = Release|Any CPU
		{D7D4DCCA-53B2-4006-85AD-B52BC07CA60F}.Release|x64.Build.0 = Release|Any CPU
		{D7D4DCCA-53B2-4006-85AD-B52BC07CA60F}.Release|x86.ActiveCfg = Release|Any CPU
		{D7D4DCCA-53B2-4006-85AD-B52BC07CA60F}.Release|x86.Build.0 = Release|Any CPU
	EndGlobalSection
	GlobalSection(SolutionProperties) = preSolution
		HideSolutionNode = FALSE
	EndGlobalSection
	GlobalSection(NestedProjects) = preSolution
		{553F5763-761C-4A3E-B6DE-054A3565E506} = {C36222B1-14DC-483D-86E1-1E3E057FAA02}
		{263C5E79-34F4-4523-BFAA-9D6E6741FFE4} = {C36222B1-14DC-483D-86E1-1E3E057FAA02}
		{2A12677B-30DB-423C-9040-1D688C30124B} = {C36222B1-14DC-483D-86E1-1E3E057FAA02}
		{287BDD99-880E-4E90-85C8-05B716E9A086} = {C36222B1-14DC-483D-86E1-1E3E057FAA02}
		{D349E40B-747D-4DE1-825B-B371705BEB56} = {F91F96A6-7FFC-49E3-A4E6-AD169587811F}
		{7E09DD2C-C3B4-4C7F-84AC-02331FAB3587} = {F91F96A6-7FFC-49E3-A4E6-AD169587811F}
		{DC25BB71-20B7-47A5-BC8C-D6279AF9E37E} = {C36222B1-14DC-483D-86E1-1E3E057FAA02}
		{97330D90-C6B4-4CB8-99EE-01B133BE357C} = {C36222B1-14DC-483D-86E1-1E3E057FAA02}
		{06AFC8D0-67EE-44CE-B8B7-AE640F1834CE} = {C36222B1-14DC-483D-86E1-1E3E057FAA02}
		{EB87D7DB-4336-4FCC-8CD5-233BC90A7B16} = {C36222B1-14DC-483D-86E1-1E3E057FAA02}
		{C0DA3332-B3D1-41E3-B6C3-A78843B54BD8} = {C36222B1-14DC-483D-86E1-1E3E057FAA02}
		{B1150B8F-F630-42DC-B94F-CAEA4ABA7ED3} = {1E4737CD-6405-4677-BA5C-6763FBADBC9B}
		{1C452E81-330B-47B3-83BE-911B645BF377} = {1E4737CD-6405-4677-BA5C-6763FBADBC9B}
		{D7D4DCCA-53B2-4006-85AD-B52BC07CA60F} = {C36222B1-14DC-483D-86E1-1E3E057FAA02}
	EndGlobalSection
EndGlobal
